
Microsoft Visual Studio Solution File, Format Version 12.00
# Visual Studio 14
VisualStudioVersion = 14.0.25420.1
MinimumVisualStudioVersion = 10.0.40219.1
Project("{DA7A21FA-8162-4350-AD77-A8D1B671F3ED}") = "public_corruption", "public_corruption\public_corruption.rxproj", "{D58A2970-0E0B-485F-AED0-C00B92DC58F4}"
EndProject
Global
	GlobalSection(SolutionConfigurationPlatforms) = preSolution
		Debug|Any CPU = Debug|Any CPU
		Release|Any CPU = Release|Any CPU
	EndGlobalSection
	GlobalSection(ProjectConfigurationPlatforms) = postSolution
		{D58A2970-0E0B-485F-AED0-C00B92DC58F4}.Debug|Any CPU.ActiveCfg = Debug|Any CPU
		{D58A2970-0E0B-485F-AED0-C00B92DC58F4}.Debug|Any CPU.Build.0 = Debug|Any CPU
		{D58A2970-0E0B-485F-AED0-C00B92DC58F4}.Release|Any CPU.ActiveCfg = Debug|Any CPU
		{D58A2970-0E0B-485F-AED0-C00B92DC58F4}.Release|Any CPU.Build.0 = Debug|Any CPU
	EndGlobalSection
	GlobalSection(SolutionProperties) = preSolution
		HideSolutionNode = FALSE
	EndGlobalSection
EndGlobal
